
Microsoft Visual Studio Solution File, Format Version 12.00
# Visual Studio Version 17
VisualStudioVersion = 17.13.35825.156 d17.13
MinimumVisualStudioVersion = 10.0.40219.1
Project("{FAE04EC0-301F-11D3-BF4B-00C04F79EFBC}") = "Creational Design Pattern", "Creational Design Pattern\Creational Design Pattern.csproj", "{BC4C4888-0541-4E13-A41A-0760077619DE}"
EndProject
Project("{FAE04EC0-301F-11D3-BF4B-00C04F79EFBC}") = "Behavioral Design Pattern", "Behavioral Design Pattern\Behavioral Design Pattern.csproj", "{044E0933-4A25-4781-80A0-E48377E197A8}"
EndProject
Project("{FAE04EC0-301F-11D3-BF4B-00C04F79EFBC}") = "Structural Design Pattern", "Structural Design Pattern\Structural Design Pattern.csproj", "{6A792CD5-0749-4656-8894-18B532FBB318}"
EndProject
Global
	GlobalSection(SolutionConfigurationPlatforms) = preSolution
		Debug|Any CPU = Debug|Any CPU
		Release|Any CPU = Release|Any CPU
	EndGlobalSection
	GlobalSection(ProjectConfigurationPlatforms) = postSolution
		{BC4C4888-0541-4E13-A41A-0760077619DE}.Debug|Any CPU.ActiveCfg = Debug|Any CPU
		{BC4C4888-0541-4E13-A41A-0760077619DE}.Debug|Any CPU.Build.0 = Debug|Any CPU
		{BC4C4888-0541-4E13-A41A-0760077619DE}.Release|Any CPU.ActiveCfg = Release|Any CPU
		{BC4C4888-0541-4E13-A41A-0760077619DE}.Release|Any CPU.Build.0 = Release|Any CPU
		{044E0933-4A25-4781-80A0-E48377E197A8}.Debug|Any CPU.ActiveCfg = Debug|Any CPU
		{044E0933-4A25-4781-80A0-E48377E197A8}.Debug|Any CPU.Build.0 = Debug|Any CPU
		{044E0933-4A25-4781-80A0-E48377E197A8}.Release|Any CPU.ActiveCfg = Release|Any CPU
		{044E0933-4A25-4781-80A0-E48377E197A8}.Release|Any CPU.Build.0 = Release|Any CPU
		{6A792CD5-0749-4656-8894-18B532FBB318}.Debug|Any CPU.ActiveCfg = Debug|Any CPU
		{6A792CD5-0749-4656-8894-18B532FBB318}.Debug|Any CPU.Build.0 = Debug|Any CPU
		{6A792CD5-0749-4656-8894-18B532FBB318}.Release|Any CPU.ActiveCfg = Release|Any CPU
		{6A792CD5-0749-4656-8894-18B532FBB318}.Release|Any CPU.Build.0 = Release|Any CPU
	EndGlobalSection
	GlobalSection(SolutionProperties) = preSolution
		HideSolutionNode = FALSE
	EndGlobalSection
	GlobalSection(ExtensibilityGlobals) = postSolution
		SolutionGuid = {860FDC9A-D3C3-4540-82C5-2F869C2651FC}
	EndGlobalSection
EndGlobal
